// !$*UTF8*$!
{
	archiveVersion = 1;
	classes = {
	};
	objectVersion = 55;
	objects = {

/* Begin PBXBuildFile section */
		5200733A292255F300498EC2 /* SellAndBuyStoryboard.storyboard in Resources */ = {isa = PBXBuildFile; fileRef = 52007339292255F300498EC2 /* SellAndBuyStoryboard.storyboard */; };
		5200733C2922579600498EC2 /* SellAndBuyOneViewController.swift in Sources */ = {isa = PBXBuildFile; fileRef = 5200733B2922579600498EC2 /* SellAndBuyOneViewController.swift */; };
		5203D8E0291E0A7800F78E18 /* TradePageViewController.swift in Sources */ = {isa = PBXBuildFile; fileRef = 5203D8DF291E0A7800F78E18 /* TradePageViewController.swift */; };
		5203D8E7291E0F4200F78E18 /* CellForTopViewOfTradePage.swift in Sources */ = {isa = PBXBuildFile; fileRef = 5203D8E5291E0F4200F78E18 /* CellForTopViewOfTradePage.swift */; };
		5203D8E8291E0F4200F78E18 /* CellForTopViewOfTradePage.xib in Resources */ = {isa = PBXBuildFile; fileRef = 5203D8E6291E0F4200F78E18 /* CellForTopViewOfTradePage.xib */; };
		5203D8EA291E11AC00F78E18 /* ModelForTradePage.swift in Sources */ = {isa = PBXBuildFile; fileRef = 5203D8E9291E11AC00F78E18 /* ModelForTradePage.swift */; };
		5203D8EC291E21F200F78E18 /* CustomCornerRadiusView.swift in Sources */ = {isa = PBXBuildFile; fileRef = 5203D8EB291E21F200F78E18 /* CustomCornerRadiusView.swift */; };
		5203D8EF291E240A00F78E18 /* CellForMainViewOfTradingPage.swift in Sources */ = {isa = PBXBuildFile; fileRef = 5203D8ED291E240A00F78E18 /* CellForMainViewOfTradingPage.swift */; };
		5203D8F0291E240A00F78E18 /* CellForMainViewOfTradingPage.xib in Resources */ = {isa = PBXBuildFile; fileRef = 5203D8EE291E240A00F78E18 /* CellForMainViewOfTradingPage.xib */; };
		5203D8F5291E28D900F78E18 /* CustomButton.swift in Sources */ = {isa = PBXBuildFile; fileRef = 5203D8F4291E28D900F78E18 /* CustomButton.swift */; };
		5203D8FA291E3F6E00F78E18 /* PortfolioPageViewController.swift in Sources */ = {isa = PBXBuildFile; fileRef = 5203D8F9291E3F6E00F78E18 /* PortfolioPageViewController.swift */; };
		5203D904291E4DD400F78E18 /* SearchPageViewController.swift in Sources */ = {isa = PBXBuildFile; fileRef = 5203D903291E4DD400F78E18 /* SearchPageViewController.swift */; };
		5216D935291E52D1003A6C2C /* CellForSearchPage.swift in Sources */ = {isa = PBXBuildFile; fileRef = 5216D933291E52D1003A6C2C /* CellForSearchPage.swift */; };
		5216D936291E52D1003A6C2C /* CellForSearchPage.xib in Resources */ = {isa = PBXBuildFile; fileRef = 5216D934291E52D1003A6C2C /* CellForSearchPage.xib */; };
		5216D938291E5582003A6C2C /* ModelForSearchPage.swift in Sources */ = {isa = PBXBuildFile; fileRef = 5216D937291E5582003A6C2C /* ModelForSearchPage.swift */; };
		5216D93F291E642C003A6C2C /* CellForAccountPage.swift in Sources */ = {isa = PBXBuildFile; fileRef = 5216D93D291E642C003A6C2C /* CellForAccountPage.swift */; };
		5216D940291E642C003A6C2C /* CellForAccountPage.xib in Resources */ = {isa = PBXBuildFile; fileRef = 5216D93E291E642C003A6C2C /* CellForAccountPage.xib */; };
		5216D947291E67FC003A6C2C /* AccountPageViewController.swift in Sources */ = {isa = PBXBuildFile; fileRef = 5216D946291E67FC003A6C2C /* AccountPageViewController.swift */; };
		5216D949291E6883003A6C2C /* ModelForAccountPage.swift in Sources */ = {isa = PBXBuildFile; fileRef = 5216D948291E6883003A6C2C /* ModelForAccountPage.swift */; };
		5216D94C291E6F3A003A6C2C /* SettingPageViewController.swift in Sources */ = {isa = PBXBuildFile; fileRef = 5216D94A291E6F3A003A6C2C /* SettingPageViewController.swift */; };
		5216D94D291E6F3A003A6C2C /* SettingPageViewController.xib in Resources */ = {isa = PBXBuildFile; fileRef = 5216D94B291E6F3A003A6C2C /* SettingPageViewController.xib */; };
		5216D94F291E744D003A6C2C /* ModelForSettingPage.swift in Sources */ = {isa = PBXBuildFile; fileRef = 5216D94E291E744D003A6C2C /* ModelForSettingPage.swift */; };
		5216D956291E7BF5003A6C2C /* SearchResultViewController.swift in Sources */ = {isa = PBXBuildFile; fileRef = 5216D954291E7BF5003A6C2C /* SearchResultViewController.swift */; };
		5216D957291E7BF5003A6C2C /* SearchResultViewController.xib in Resources */ = {isa = PBXBuildFile; fileRef = 5216D955291E7BF5003A6C2C /* SearchResultViewController.xib */; };
		5216D95B291E8166003A6C2C /* EditWatchlistViewController.swift in Sources */ = {isa = PBXBuildFile; fileRef = 5216D959291E8166003A6C2C /* EditWatchlistViewController.swift */; };
		5216D95C291E8166003A6C2C /* EditWatchlistViewController.xib in Resources */ = {isa = PBXBuildFile; fileRef = 5216D95A291E8166003A6C2C /* EditWatchlistViewController.xib */; };
		529CCD3C291D17B100C90126 /* AppDelegate.swift in Sources */ = {isa = PBXBuildFile; fileRef = 529CCD3B291D17B100C90126 /* AppDelegate.swift */; };
		529CCD3E291D17B100C90126 /* SceneDelegate.swift in Sources */ = {isa = PBXBuildFile; fileRef = 529CCD3D291D17B100C90126 /* SceneDelegate.swift */; };
		529CCD40291D17B100C90126 /* LoginViewController.swift in Sources */ = {isa = PBXBuildFile; fileRef = 529CCD3F291D17B100C90126 /* LoginViewController.swift */; };
		529CCD43291D17B100C90126 /* Main.storyboard in Resources */ = {isa = PBXBuildFile; fileRef = 529CCD41291D17B100C90126 /* Main.storyboard */; };
		529CCD45291D17B300C90126 /* Assets.xcassets in Resources */ = {isa = PBXBuildFile; fileRef = 529CCD44291D17B300C90126 /* Assets.xcassets */; };
		529CCD48291D17B300C90126 /* LaunchScreen.storyboard in Resources */ = {isa = PBXBuildFile; fileRef = 529CCD46291D17B300C90126 /* LaunchScreen.storyboard */; };
		529CCD5C291D1B1000C90126 /* Poppins-Medium.otf in Resources */ = {isa = PBXBuildFile; fileRef = 529CCD59291D1B1000C90126 /* Poppins-Medium.otf */; };
		529CCD5D291D1B1000C90126 /* Poppins-Regular.otf in Resources */ = {isa = PBXBuildFile; fileRef = 529CCD5A291D1B1000C90126 /* Poppins-Regular.otf */; };
		529CCD5E291D1B1000C90126 /* Poppins-SemiBold.otf in Resources */ = {isa = PBXBuildFile; fileRef = 529CCD5B291D1B1000C90126 /* Poppins-SemiBold.otf */; };
		529CCD60291D1B5200C90126 /* Constants.swift in Sources */ = {isa = PBXBuildFile; fileRef = 529CCD5F291D1B5200C90126 /* Constants.swift */; };
		529CCD62291D20A300C90126 /* CustomTextFieldWithRightView.swift in Sources */ = {isa = PBXBuildFile; fileRef = 529CCD61291D20A300C90126 /* CustomTextFieldWithRightView.swift */; };
		529CCD64291D2B3500C90126 /* SignupViewController.swift in Sources */ = {isa = PBXBuildFile; fileRef = 529CCD63291D2B3500C90126 /* SignupViewController.swift */; };
		529CCD67291D318200C90126 /* MainPage.storyboard in Resources */ = {isa = PBXBuildFile; fileRef = 529CCD66291D318200C90126 /* MainPage.storyboard */; };
		529CCD6C291D359700C90126 /* MainTabBarController.swift in Sources */ = {isa = PBXBuildFile; fileRef = 529CCD6B291D359700C90126 /* MainTabBarController.swift */; };
		52DF13BE29226ECA00091188 /* SellAndBuyTwoViewController.swift in Sources */ = {isa = PBXBuildFile; fileRef = 52DF13BD29226ECA00091188 /* SellAndBuyTwoViewController.swift */; };
		52DF13C32922759A00091188 /* CellForSellAndBuyTwo.swift in Sources */ = {isa = PBXBuildFile; fileRef = 52DF13C12922759A00091188 /* CellForSellAndBuyTwo.swift */; };
		52DF13C42922759A00091188 /* CellForSellAndBuyTwo.xib in Resources */ = {isa = PBXBuildFile; fileRef = 52DF13C22922759A00091188 /* CellForSellAndBuyTwo.xib */; };
		A450FA88FCE04FF0A19D535D /* Pods_TradingApp.framework in Frameworks */ = {isa = PBXBuildFile; fileRef = 5536B9578B36171EA93F0052 /* Pods_TradingApp.framework */; };
/* End PBXBuildFile section */

/* Begin PBXFileReference section */
		52007339292255F300498EC2 /* SellAndBuyStoryboard.storyboard */ = {isa = PBXFileReference; lastKnownFileType = file.storyboard; path = SellAndBuyStoryboard.storyboard; sourceTree = "<group>"; };
		5200733B2922579600498EC2 /* SellAndBuyOneViewController.swift */ = {isa = PBXFileReference; lastKnownFileType = sourcecode.swift; path = SellAndBuyOneViewController.swift; sourceTree = "<group>"; };
		5203D8DF291E0A7800F78E18 /* TradePageViewController.swift */ = {isa = PBXFileReference; lastKnownFileType = sourcecode.swift; path = TradePageViewController.swift; sourceTree = "<group>"; };
		5203D8E5291E0F4200F78E18 /* CellForTopViewOfTradePage.swift */ = {isa = PBXFileReference; lastKnownFileType = sourcecode.swift; path = CellForTopViewOfTradePage.swift; sourceTree = "<group>"; };
		5203D8E6291E0F4200F78E18 /* CellForTopViewOfTradePage.xib */ = {isa = PBXFileReference; lastKnownFileType = file.xib; path = CellForTopViewOfTradePage.xib; sourceTree = "<group>"; };
		5203D8E9291E11AC00F78E18 /* ModelForTradePage.swift */ = {isa = PBXFileReference; lastKnownFileType = sourcecode.swift; path = ModelForTradePage.swift; sourceTree = "<group>"; };
		5203D8EB291E21F200F78E18 /* CustomCornerRadiusView.swift */ = {isa = PBXFileReference; lastKnownFileType = sourcecode.swift; path = CustomCornerRadiusView.swift; sourceTree = "<group>"; };
		5203D8ED291E240A00F78E18 /* CellForMainViewOfTradingPage.swift */ = {isa = PBXFileReference; lastKnownFileType = sourcecode.swift; path = CellForMainViewOfTradingPage.swift; sourceTree = "<group>"; };
		5203D8EE291E240A00F78E18 /* CellForMainViewOfTradingPage.xib */ = {isa = PBXFileReference; lastKnownFileType = file.xib; path = CellForMainViewOfTradingPage.xib; sourceTree = "<group>"; };
		5203D8F4291E28D900F78E18 /* CustomButton.swift */ = {isa = PBXFileReference; lastKnownFileType = sourcecode.swift; path = CustomButton.swift; sourceTree = "<group>"; };
		5203D8F9291E3F6E00F78E18 /* PortfolioPageViewController.swift */ = {isa = PBXFileReference; lastKnownFileType = sourcecode.swift; path = PortfolioPageViewController.swift; sourceTree = "<group>"; };
		5203D903291E4DD400F78E18 /* SearchPageViewController.swift */ = {isa = PBXFileReference; lastKnownFileType = sourcecode.swift; path = SearchPageViewController.swift; sourceTree = "<group>"; };
		5216D933291E52D1003A6C2C /* CellForSearchPage.swift */ = {isa = PBXFileReference; lastKnownFileType = sourcecode.swift; path = CellForSearchPage.swift; sourceTree = "<group>"; };
		5216D934291E52D1003A6C2C /* CellForSearchPage.xib */ = {isa = PBXFileReference; lastKnownFileType = file.xib; path = CellForSearchPage.xib; sourceTree = "<group>"; };
		5216D937291E5582003A6C2C /* ModelForSearchPage.swift */ = {isa = PBXFileReference; lastKnownFileType = sourcecode.swift; path = ModelForSearchPage.swift; sourceTree = "<group>"; };
		5216D93D291E642C003A6C2C /* CellForAccountPage.swift */ = {isa = PBXFileReference; lastKnownFileType = sourcecode.swift; path = CellForAccountPage.swift; sourceTree = "<group>"; };
		5216D93E291E642C003A6C2C /* CellForAccountPage.xib */ = {isa = PBXFileReference; lastKnownFileType = file.xib; path = CellForAccountPage.xib; sourceTree = "<group>"; };
		5216D946291E67FC003A6C2C /* AccountPageViewController.swift */ = {isa = PBXFileReference; lastKnownFileType = sourcecode.swift; path = AccountPageViewController.swift; sourceTree = "<group>"; };
		5216D948291E6883003A6C2C /* ModelForAccountPage.swift */ = {isa = PBXFileReference; lastKnownFileType = sourcecode.swift; path = ModelForAccountPage.swift; sourceTree = "<group>"; };
		5216D94A291E6F3A003A6C2C /* SettingPageViewController.swift */ = {isa = PBXFileReference; lastKnownFileType = sourcecode.swift; path = SettingPageViewController.swift; sourceTree = "<group>"; };
		5216D94B291E6F3A003A6C2C /* SettingPageViewController.xib */ = {isa = PBXFileReference; lastKnownFileType = file.xib; path = SettingPageViewController.xib; sourceTree = "<group>"; };
		5216D94E291E744D003A6C2C /* ModelForSettingPage.swift */ = {isa = PBXFileReference; lastKnownFileType = sourcecode.swift; path = ModelForSettingPage.swift; sourceTree = "<group>"; };
		5216D954291E7BF5003A6C2C /* SearchResultViewController.swift */ = {isa = PBXFileReference; lastKnownFileType = sourcecode.swift; path = SearchResultViewController.swift; sourceTree = "<group>"; };
		5216D955291E7BF5003A6C2C /* SearchResultViewController.xib */ = {isa = PBXFileReference; lastKnownFileType = file.xib; path = SearchResultViewController.xib; sourceTree = "<group>"; };
		5216D959291E8166003A6C2C /* EditWatchlistViewController.swift */ = {isa = PBXFileReference; lastKnownFileType = sourcecode.swift; path = EditWatchlistViewController.swift; sourceTree = "<group>"; };
		5216D95A291E8166003A6C2C /* EditWatchlistViewController.xib */ = {isa = PBXFileReference; lastKnownFileType = file.xib; path = EditWatchlistViewController.xib; sourceTree = "<group>"; };
		529CCD38291D17B100C90126 /* TradingApp.app */ = {isa = PBXFileReference; explicitFileType = wrapper.application; includeInIndex = 0; path = TradingApp.app; sourceTree = BUILT_PRODUCTS_DIR; };
		529CCD3B291D17B100C90126 /* AppDelegate.swift */ = {isa = PBXFileReference; lastKnownFileType = sourcecode.swift; path = AppDelegate.swift; sourceTree = "<group>"; };
		529CCD3D291D17B100C90126 /* SceneDelegate.swift */ = {isa = PBXFileReference; lastKnownFileType = sourcecode.swift; path = SceneDelegate.swift; sourceTree = "<group>"; };
		529CCD3F291D17B100C90126 /* LoginViewController.swift */ = {isa = PBXFileReference; lastKnownFileType = sourcecode.swift; path = LoginViewController.swift; sourceTree = "<group>"; };
		529CCD42291D17B100C90126 /* Base */ = {isa = PBXFileReference; lastKnownFileType = file.storyboard; name = Base; path = Base.lproj/Main.storyboard; sourceTree = "<group>"; };
		529CCD44291D17B300C90126 /* Assets.xcassets */ = {isa = PBXFileReference; lastKnownFileType = folder.assetcatalog; path = Assets.xcassets; sourceTree = "<group>"; };
		529CCD47291D17B300C90126 /* Base */ = {isa = PBXFileReference; lastKnownFileType = file.storyboard; name = Base; path = Base.lproj/LaunchScreen.storyboard; sourceTree = "<group>"; };
		529CCD49291D17B300C90126 /* Info.plist */ = {isa = PBXFileReference; lastKnownFileType = text.plist.xml; path = Info.plist; sourceTree = "<group>"; };
		529CCD59291D1B1000C90126 /* Poppins-Medium.otf */ = {isa = PBXFileReference; lastKnownFileType = file; path = "Poppins-Medium.otf"; sourceTree = "<group>"; };
		529CCD5A291D1B1000C90126 /* Poppins-Regular.otf */ = {isa = PBXFileReference; lastKnownFileType = file; path = "Poppins-Regular.otf"; sourceTree = "<group>"; };
		529CCD5B291D1B1000C90126 /* Poppins-SemiBold.otf */ = {isa = PBXFileReference; lastKnownFileType = file; path = "Poppins-SemiBold.otf"; sourceTree = "<group>"; };
		529CCD5F291D1B5200C90126 /* Constants.swift */ = {isa = PBXFileReference; lastKnownFileType = sourcecode.swift; path = Constants.swift; sourceTree = "<group>"; };
		529CCD61291D20A300C90126 /* CustomTextFieldWithRightView.swift */ = {isa = PBXFileReference; lastKnownFileType = sourcecode.swift; path = CustomTextFieldWithRightView.swift; sourceTree = "<group>"; };
		529CCD63291D2B3500C90126 /* SignupViewController.swift */ = {isa = PBXFileReference; lastKnownFileType = sourcecode.swift; path = SignupViewController.swift; sourceTree = "<group>"; };
		529CCD66291D318200C90126 /* MainPage.storyboard */ = {isa = PBXFileReference; lastKnownFileType = file.storyboard; path = MainPage.storyboard; sourceTree = "<group>"; };
		529CCD6B291D359700C90126 /* MainTabBarController.swift */ = {isa = PBXFileReference; lastKnownFileType = sourcecode.swift; path = MainTabBarController.swift; sourceTree = "<group>"; };
		52DF13BD29226ECA00091188 /* SellAndBuyTwoViewController.swift */ = {isa = PBXFileReference; lastKnownFileType = sourcecode.swift; path = SellAndBuyTwoViewController.swift; sourceTree = "<group>"; };
		52DF13C12922759A00091188 /* CellForSellAndBuyTwo.swift */ = {isa = PBXFileReference; lastKnownFileType = sourcecode.swift; path = CellForSellAndBuyTwo.swift; sourceTree = "<group>"; };
		52DF13C22922759A00091188 /* CellForSellAndBuyTwo.xib */ = {isa = PBXFileReference; lastKnownFileType = file.xib; path = CellForSellAndBuyTwo.xib; sourceTree = "<group>"; };
		5536B9578B36171EA93F0052 /* Pods_TradingApp.framework */ = {isa = PBXFileReference; explicitFileType = wrapper.framework; includeInIndex = 0; path = Pods_TradingApp.framework; sourceTree = BUILT_PRODUCTS_DIR; };
		66616C2881F8064A4AC46812 /* Pods-TradingApp.debug.xcconfig */ = {isa = PBXFileReference; includeInIndex = 1; lastKnownFileType = text.xcconfig; name = "Pods-TradingApp.debug.xcconfig"; path = "Target Support Files/Pods-TradingApp/Pods-TradingApp.debug.xcconfig"; sourceTree = "<group>"; };
		E7A112281D0D16108CC7D65E /* Pods-TradingApp.release.xcconfig */ = {isa = PBXFileReference; includeInIndex = 1; lastKnownFileType = text.xcconfig; name = "Pods-TradingApp.release.xcconfig"; path = "Target Support Files/Pods-TradingApp/Pods-TradingApp.release.xcconfig"; sourceTree = "<group>"; };
/* End PBXFileReference section */

/* Begin PBXFrameworksBuildPhase section */
		529CCD35291D17B100C90126 /* Frameworks */ = {
			isa = PBXFrameworksBuildPhase;
			buildActionMask = 2147483647;
			files = (
				A450FA88FCE04FF0A19D535D /* Pods_TradingApp.framework in Frameworks */,
			);
			runOnlyForDeploymentPostprocessing = 0;
		};
/* End PBXFrameworksBuildPhase section */

/* Begin PBXGroup section */
		1EA13072858C66A555B5BC9D /* Frameworks */ = {
			isa = PBXGroup;
			children = (
				5536B9578B36171EA93F0052 /* Pods_TradingApp.framework */,
			);
			name = Frameworks;
			sourceTree = "<group>";
		};
		5203D8E1291E0EED00F78E18 /* Model */ = {
			isa = PBXGroup;
			children = (
				5203D8E9291E11AC00F78E18 /* ModelForTradePage.swift */,
			);
			path = Model;
			sourceTree = "<group>";
		};
		5203D8E2291E0EF100F78E18 /* View */ = {
			isa = PBXGroup;
			children = (
				5203D8F1291E242100F78E18 /* Cell */,
			);
			path = View;
			sourceTree = "<group>";
		};
		5203D8E3291E0EF600F78E18 /* Controller */ = {
			isa = PBXGroup;
			children = (
				5203D8DF291E0A7800F78E18 /* TradePageViewController.swift */,
			);
			path = Controller;
			sourceTree = "<group>";
		};
		5203D8F1291E242100F78E18 /* Cell */ = {
			isa = PBXGroup;
			children = (
				5203D8F2291E242A00F78E18 /* CellForTopView */,
				5203D8F3291E243000F78E18 /* CellForMainView */,
			);
			path = Cell;
			sourceTree = "<group>";
		};
		5203D8F2291E242A00F78E18 /* CellForTopView */ = {
			isa = PBXGroup;
			children = (
				5203D8E6291E0F4200F78E18 /* CellForTopViewOfTradePage.xib */,
				5203D8E5291E0F4200F78E18 /* CellForTopViewOfTradePage.swift */,
			);
			path = CellForTopView;
			sourceTree = "<group>";
		};
		5203D8F3291E243000F78E18 /* CellForMainView */ = {
			isa = PBXGroup;
			children = (
				5203D8EE291E240A00F78E18 /* CellForMainViewOfTradingPage.xib */,
				5203D8ED291E240A00F78E18 /* CellForMainViewOfTradingPage.swift */,
			);
			path = CellForMainView;
			sourceTree = "<group>";
		};
		5203D8F6291E3F3B00F78E18 /* Model */ = {
			isa = PBXGroup;
			children = (
			);
			path = Model;
			sourceTree = "<group>";
		};
		5203D8F7291E3F4000F78E18 /* View */ = {
			isa = PBXGroup;
			children = (
			);
			path = View;
			sourceTree = "<group>";
		};
		5203D8F8291E3F4400F78E18 /* Controller */ = {
			isa = PBXGroup;
			children = (
				5203D8F9291E3F6E00F78E18 /* PortfolioPageViewController.swift */,
			);
			path = Controller;
			sourceTree = "<group>";
		};
		5203D900291E4DBF00F78E18 /* Model */ = {
			isa = PBXGroup;
			children = (
				5216D937291E5582003A6C2C /* ModelForSearchPage.swift */,
			);
			path = Model;
			sourceTree = "<group>";
		};
		5203D901291E4DC400F78E18 /* View */ = {
			isa = PBXGroup;
			children = (
				5216D933291E52D1003A6C2C /* CellForSearchPage.swift */,
				5216D934291E52D1003A6C2C /* CellForSearchPage.xib */,
			);
			path = View;
			sourceTree = "<group>";
		};
		5203D902291E4DC900F78E18 /* Controller */ = {
			isa = PBXGroup;
			children = (
				5203D903291E4DD400F78E18 /* SearchPageViewController.swift */,
			);
			path = Controller;
			sourceTree = "<group>";
		};
		5216D939291E63F6003A6C2C /* SettingPage */ = {
			isa = PBXGroup;
			children = (
				5216D93C291E6414003A6C2C /* Model */,
				5216D93A291E6404003A6C2C /* Controller */,
			);
			path = SettingPage;
			sourceTree = "<group>";
		};
		5216D93A291E6404003A6C2C /* Controller */ = {
			isa = PBXGroup;
			children = (
				5216D94A291E6F3A003A6C2C /* SettingPageViewController.swift */,
				5216D94B291E6F3A003A6C2C /* SettingPageViewController.xib */,
			);
			path = Controller;
			sourceTree = "<group>";
		};
		5216D93C291E6414003A6C2C /* Model */ = {
			isa = PBXGroup;
			children = (
				5216D94E291E744D003A6C2C /* ModelForSettingPage.swift */,
			);
			path = Model;
			sourceTree = "<group>";
		};
		5216D941291E67BB003A6C2C /* AccountPage */ = {
			isa = PBXGroup;
			children = (
				5216D944291E67D6003A6C2C /* Model */,
				5216D943291E67D1003A6C2C /* View */,
				5216D942291E67CA003A6C2C /* Controller */,
				5216D945291E67DA003A6C2C /* SubView */,
			);
			path = AccountPage;
			sourceTree = "<group>";
		};
		5216D942291E67CA003A6C2C /* Controller */ = {
			isa = PBXGroup;
			children = (
				5216D946291E67FC003A6C2C /* AccountPageViewController.swift */,
			);
			path = Controller;
			sourceTree = "<group>";
		};
		5216D943291E67D1003A6C2C /* View */ = {
			isa = PBXGroup;
			children = (
				5216D93D291E642C003A6C2C /* CellForAccountPage.swift */,
				5216D93E291E642C003A6C2C /* CellForAccountPage.xib */,
			);
			path = View;
			sourceTree = "<group>";
		};
		5216D944291E67D6003A6C2C /* Model */ = {
			isa = PBXGroup;
			children = (
				5216D948291E6883003A6C2C /* ModelForAccountPage.swift */,
			);
			path = Model;
			sourceTree = "<group>";
		};
		5216D945291E67DA003A6C2C /* SubView */ = {
			isa = PBXGroup;
			children = (
				5216D939291E63F6003A6C2C /* SettingPage */,
			);
			path = SubView;
			sourceTree = "<group>";
		};
		5216D950291E7B63003A6C2C /* SubView */ = {
			isa = PBXGroup;
			children = (
				5216D953291E7BC2003A6C2C /* Model */,
				5216D952291E7BBC003A6C2C /* View */,
				5216D951291E7BB4003A6C2C /* Controller */,
			);
			path = SubView;
			sourceTree = "<group>";
		};
		5216D951291E7BB4003A6C2C /* Controller */ = {
			isa = PBXGroup;
			children = (
				5216D954291E7BF5003A6C2C /* SearchResultViewController.swift */,
				5216D955291E7BF5003A6C2C /* SearchResultViewController.xib */,
			);
			path = Controller;
			sourceTree = "<group>";
		};
		5216D952291E7BBC003A6C2C /* View */ = {
			isa = PBXGroup;
			children = (
			);
			path = View;
			sourceTree = "<group>";
		};
		5216D953291E7BC2003A6C2C /* Model */ = {
			isa = PBXGroup;
			children = (
			);
			path = Model;
			sourceTree = "<group>";
		};
		5216D958291E812E003A6C2C /* Additional */ = {
			isa = PBXGroup;
			children = (
				5216D959291E8166003A6C2C /* EditWatchlistViewController.swift */,
				5216D95A291E8166003A6C2C /* EditWatchlistViewController.xib */,
				52007339292255F300498EC2 /* SellAndBuyStoryboard.storyboard */,
				5200733B2922579600498EC2 /* SellAndBuyOneViewController.swift */,
				52DF13BD29226ECA00091188 /* SellAndBuyTwoViewController.swift */,
				52DF13C12922759A00091188 /* CellForSellAndBuyTwo.swift */,
				52DF13C22922759A00091188 /* CellForSellAndBuyTwo.xib */,
			);
			path = Additional;
			sourceTree = "<group>";
		};
		529CCD2F291D17B100C90126 = {
			isa = PBXGroup;
			children = (
				529CCD3A291D17B100C90126 /* TradingApp */,
				529CCD39291D17B100C90126 /* Products */,
				DB7A5CDC46A7406DBD1C2830 /* Pods */,
				1EA13072858C66A555B5BC9D /* Frameworks */,
			);
			sourceTree = "<group>";
		};
		529CCD39291D17B100C90126 /* Products */ = {
			isa = PBXGroup;
			children = (
				529CCD38291D17B100C90126 /* TradingApp.app */,
			);
			name = Products;
			sourceTree = "<group>";
		};
		529CCD3A291D17B100C90126 /* TradingApp */ = {
			isa = PBXGroup;
			children = (
				529CCD4F291D17BC00C90126 /* Additional */,
				529CCD50291D17F300C90126 /* Constants */,
				529CCD51291D182300C90126 /* CustomViews */,
				529CCD52291D183300C90126 /* Pages */,
				529CCD49291D17B300C90126 /* Info.plist */,
			);
			path = TradingApp;
			sourceTree = "<group>";
		};
		529CCD4F291D17BC00C90126 /* Additional */ = {
			isa = PBXGroup;
			children = (
				529CCD58291D1AE400C90126 /* Fonts */,
				529CCD3B291D17B100C90126 /* AppDelegate.swift */,
				529CCD3D291D17B100C90126 /* SceneDelegate.swift */,
				529CCD44291D17B300C90126 /* Assets.xcassets */,
			);
			path = Additional;
			sourceTree = "<group>";
		};
		529CCD50291D17F300C90126 /* Constants */ = {
			isa = PBXGroup;
			children = (
				529CCD5F291D1B5200C90126 /* Constants.swift */,
			);
			path = Constants;
			sourceTree = "<group>";
		};
		529CCD51291D182300C90126 /* CustomViews */ = {
			isa = PBXGroup;
			children = (
				529CCD61291D20A300C90126 /* CustomTextFieldWithRightView.swift */,
				5203D8EB291E21F200F78E18 /* CustomCornerRadiusView.swift */,
				5203D8F4291E28D900F78E18 /* CustomButton.swift */,
			);
			path = CustomViews;
			sourceTree = "<group>";
		};
		529CCD52291D183300C90126 /* Pages */ = {
			isa = PBXGroup;
			children = (
				529CCD53291D184900C90126 /* SplashPage */,
				529CCD54291D188A00C90126 /* LoginPage */,
				529CCD65291D315600C90126 /* MainPages */,
			);
			path = Pages;
			sourceTree = "<group>";
		};
		529CCD53291D184900C90126 /* SplashPage */ = {
			isa = PBXGroup;
			children = (
				529CCD46291D17B300C90126 /* LaunchScreen.storyboard */,
			);
			path = SplashPage;
			sourceTree = "<group>";
		};
		529CCD54291D188A00C90126 /* LoginPage */ = {
			isa = PBXGroup;
			children = (
				529CCD55291D189400C90126 /* Model */,
				529CCD56291D189900C90126 /* View */,
				529CCD57291D189E00C90126 /* Controller */,
			);
			path = LoginPage;
			sourceTree = "<group>";
		};
		529CCD55291D189400C90126 /* Model */ = {
			isa = PBXGroup;
			children = (
			);
			path = Model;
			sourceTree = "<group>";
		};
		529CCD56291D189900C90126 /* View */ = {
			isa = PBXGroup;
			children = (
				529CCD41291D17B100C90126 /* Main.storyboard */,
			);
			path = View;
			sourceTree = "<group>";
		};
		529CCD57291D189E00C90126 /* Controller */ = {
			isa = PBXGroup;
			children = (
				529CCD3F291D17B100C90126 /* LoginViewController.swift */,
				529CCD63291D2B3500C90126 /* SignupViewController.swift */,
			);
			path = Controller;
			sourceTree = "<group>";
		};
		529CCD58291D1AE400C90126 /* Fonts */ = {
			isa = PBXGroup;
			children = (
				529CCD59291D1B1000C90126 /* Poppins-Medium.otf */,
				529CCD5A291D1B1000C90126 /* Poppins-Regular.otf */,
				529CCD5B291D1B1000C90126 /* Poppins-SemiBold.otf */,
			);
			path = Fonts;
			sourceTree = "<group>";
		};
		529CCD65291D315600C90126 /* MainPages */ = {
			isa = PBXGroup;
			children = (
				5216D958291E812E003A6C2C /* Additional */,
				529CCD6D291D38A000C90126 /* MainTabBar */,
				529CCD6F291D38BF00C90126 /* TradePage */,
				529CCD72291D38D600C90126 /* AccountsPage */,
				529CCD71291D38CF00C90126 /* PortfolioPage */,
				529CCD70291D38C800C90126 /* SearchPage */,
				5216D941291E67BB003A6C2C /* AccountPage */,
			);
			path = MainPages;
			sourceTree = "<group>";
		};
		529CCD68291D356600C90126 /* Model */ = {
			isa = PBXGroup;
			children = (
			);
			path = Model;
			sourceTree = "<group>";
		};
		529CCD69291D356A00C90126 /* View */ = {
			isa = PBXGroup;
			children = (
				529CCD66291D318200C90126 /* MainPage.storyboard */,
			);
			path = View;
			sourceTree = "<group>";
		};
		529CCD6A291D356E00C90126 /* Controller */ = {
			isa = PBXGroup;
			children = (
				529CCD6B291D359700C90126 /* MainTabBarController.swift */,
			);
			path = Controller;
			sourceTree = "<group>";
		};
		529CCD6D291D38A000C90126 /* MainTabBar */ = {
			isa = PBXGroup;
			children = (
				529CCD68291D356600C90126 /* Model */,
				529CCD69291D356A00C90126 /* View */,
				529CCD6A291D356E00C90126 /* Controller */,
			);
			path = MainTabBar;
			sourceTree = "<group>";
		};
		529CCD6F291D38BF00C90126 /* TradePage */ = {
			isa = PBXGroup;
			children = (
				5203D8E1291E0EED00F78E18 /* Model */,
				5203D8E2291E0EF100F78E18 /* View */,
				5203D8E3291E0EF600F78E18 /* Controller */,
			);
			path = TradePage;
			sourceTree = "<group>";
		};
		529CCD70291D38C800C90126 /* SearchPage */ = {
			isa = PBXGroup;
			children = (
				5203D900291E4DBF00F78E18 /* Model */,
				5203D901291E4DC400F78E18 /* View */,
				5203D902291E4DC900F78E18 /* Controller */,
				5216D950291E7B63003A6C2C /* SubView */,
			);
			path = SearchPage;
			sourceTree = "<group>";
		};
		529CCD71291D38CF00C90126 /* PortfolioPage */ = {
			isa = PBXGroup;
			children = (
				5203D8F8291E3F4400F78E18 /* Controller */,
				5203D8F7291E3F4000F78E18 /* View */,
				5203D8F6291E3F3B00F78E18 /* Model */,
			);
			path = PortfolioPage;
			sourceTree = "<group>";
		};
		529CCD72291D38D600C90126 /* AccountsPage */ = {
			isa = PBXGroup;
			children = (
			);
			path = AccountsPage;
			sourceTree = "<group>";
		};
		DB7A5CDC46A7406DBD1C2830 /* Pods */ = {
			isa = PBXGroup;
			children = (
				66616C2881F8064A4AC46812 /* Pods-TradingApp.debug.xcconfig */,
				E7A112281D0D16108CC7D65E /* Pods-TradingApp.release.xcconfig */,
			);
			path = Pods;
			sourceTree = "<group>";
		};
/* End PBXGroup section */

/* Begin PBXNativeTarget section */
		529CCD37291D17B100C90126 /* TradingApp */ = {
			isa = PBXNativeTarget;
			buildConfigurationList = 529CCD4C291D17B300C90126 /* Build configuration list for PBXNativeTarget "TradingApp" */;
			buildPhases = (
				367F89CDDC7E0F3CA47CE72F /* [CP] Check Pods Manifest.lock */,
				529CCD34291D17B100C90126 /* Sources */,
				529CCD35291D17B100C90126 /* Frameworks */,
				529CCD36291D17B100C90126 /* Resources */,
				EBDA1A7D224313DA9851B787 /* [CP] Embed Pods Frameworks */,
			);
			buildRules = (
			);
			dependencies = (
			);
			name = TradingApp;
			productName = TradingApp;
			productReference = 529CCD38291D17B100C90126 /* TradingApp.app */;
			productType = "com.apple.product-type.application";
		};
/* End PBXNativeTarget section */

/* Begin PBXProject section */
		529CCD30291D17B100C90126 /* Project object */ = {
			isa = PBXProject;
			attributes = {
				BuildIndependentTargetsInParallel = 1;
				LastSwiftUpdateCheck = 1340;
				LastUpgradeCheck = 1340;
				TargetAttributes = {
					529CCD37291D17B100C90126 = {
						CreatedOnToolsVersion = 13.4.1;
					};
				};
			};
			buildConfigurationList = 529CCD33291D17B100C90126 /* Build configuration list for PBXProject "TradingApp" */;
			compatibilityVersion = "Xcode 13.0";
			developmentRegion = en;
			hasScannedForEncodings = 0;
			knownRegions = (
				en,
				Base,
			);
			mainGroup = 529CCD2F291D17B100C90126;
			productRefGroup = 529CCD39291D17B100C90126 /* Products */;
			projectDirPath = "";
			projectRoot = "";
			targets = (
				529CCD37291D17B100C90126 /* TradingApp */,
			);
		};
/* End PBXProject section */

/* Begin PBXResourcesBuildPhase section */
		529CCD36291D17B100C90126 /* Resources */ = {
			isa = PBXResourcesBuildPhase;
			buildActionMask = 2147483647;
			files = (
				5200733A292255F300498EC2 /* SellAndBuyStoryboard.storyboard in Resources */,
				5216D94D291E6F3A003A6C2C /* SettingPageViewController.xib in Resources */,
				5216D936291E52D1003A6C2C /* CellForSearchPage.xib in Resources */,
				5216D940291E642C003A6C2C /* CellForAccountPage.xib in Resources */,
				5203D8F0291E240A00F78E18 /* CellForMainViewOfTradingPage.xib in Resources */,
				529CCD5C291D1B1000C90126 /* Poppins-Medium.otf in Resources */,
				529CCD48291D17B300C90126 /* LaunchScreen.storyboard in Resources */,
				529CCD67291D318200C90126 /* MainPage.storyboard in Resources */,
				529CCD5E291D1B1000C90126 /* Poppins-SemiBold.otf in Resources */,
				5216D957291E7BF5003A6C2C /* SearchResultViewController.xib in Resources */,
				529CCD45291D17B300C90126 /* Assets.xcassets in Resources */,
				5203D8E8291E0F4200F78E18 /* CellForTopViewOfTradePage.xib in Resources */,
				529CCD43291D17B100C90126 /* Main.storyboard in Resources */,
				52DF13C42922759A00091188 /* CellForSellAndBuyTwo.xib in Resources */,
				5216D95C291E8166003A6C2C /* EditWatchlistViewController.xib in Resources */,
				529CCD5D291D1B1000C90126 /* Poppins-Regular.otf in Resources */,
			);
			runOnlyForDeploymentPostprocessing = 0;
		};
/* End PBXResourcesBuildPhase section */

/* Begin PBXShellScriptBuildPhase section */
		367F89CDDC7E0F3CA47CE72F /* [CP] Check Pods Manifest.lock */ = {
			isa = PBXShellScriptBuildPhase;
			buildActionMask = 2147483647;
			files = (
			);
			inputFileListPaths = (
			);
			inputPaths = (
				"${PODS_PODFILE_DIR_PATH}/Podfile.lock",
				"${PODS_ROOT}/Manifest.lock",
			);
			name = "[CP] Check Pods Manifest.lock";
			outputFileListPaths = (
			);
			outputPaths = (
				"$(DERIVED_FILE_DIR)/Pods-TradingApp-checkManifestLockResult.txt",
			);
			runOnlyForDeploymentPostprocessing = 0;
			shellPath = /bin/sh;
			shellScript = "diff \"${PODS_PODFILE_DIR_PATH}/Podfile.lock\" \"${PODS_ROOT}/Manifest.lock\" > /dev/null\nif [ $? != 0 ] ; then\n    # print error to STDERR\n    echo \"error: The sandbox is not in sync with the Podfile.lock. Run 'pod install' or update your CocoaPods installation.\" >&2\n    exit 1\nfi\n# This output is used by Xcode 'outputs' to avoid re-running this script phase.\necho \"SUCCESS\" > \"${SCRIPT_OUTPUT_FILE_0}\"\n";
			showEnvVarsInLog = 0;
		};
		EBDA1A7D224313DA9851B787 /* [CP] Embed Pods Frameworks */ = {
			isa = PBXShellScriptBuildPhase;
			buildActionMask = 2147483647;
			files = (
			);
			inputFileListPaths = (
				"${PODS_ROOT}/Target Support Files/Pods-TradingApp/Pods-TradingApp-frameworks-${CONFIGURATION}-input-files.xcfilelist",
			);
			name = "[CP] Embed Pods Frameworks";
			outputFileListPaths = (
				"${PODS_ROOT}/Target Support Files/Pods-TradingApp/Pods-TradingApp-frameworks-${CONFIGURATION}-output-files.xcfilelist",
			);
			runOnlyForDeploymentPostprocessing = 0;
			shellPath = /bin/sh;
			shellScript = "\"${PODS_ROOT}/Target Support Files/Pods-TradingApp/Pods-TradingApp-frameworks.sh\"\n";
			showEnvVarsInLog = 0;
		};
/* End PBXShellScriptBuildPhase section */

/* Begin PBXSourcesBuildPhase section */
		529CCD34291D17B100C90126 /* Sources */ = {
			isa = PBXSourcesBuildPhase;
			buildActionMask = 2147483647;
			files = (
				5203D8F5291E28D900F78E18 /* CustomButton.swift in Sources */,
				5216D956291E7BF5003A6C2C /* SearchResultViewController.swift in Sources */,
				529CCD64291D2B3500C90126 /* SignupViewController.swift in Sources */,
				529CCD40291D17B100C90126 /* LoginViewController.swift in Sources */,
				52DF13C32922759A00091188 /* CellForSellAndBuyTwo.swift in Sources */,
				529CCD3C291D17B100C90126 /* AppDelegate.swift in Sources */,
				5203D8FA291E3F6E00F78E18 /* PortfolioPageViewController.swift in Sources */,
				5216D947291E67FC003A6C2C /* AccountPageViewController.swift in Sources */,
				5216D949291E6883003A6C2C /* ModelForAccountPage.swift in Sources */,
				5203D8E7291E0F4200F78E18 /* CellForTopViewOfTradePage.swift in Sources */,
				5203D904291E4DD400F78E18 /* SearchPageViewController.swift in Sources */,
				52DF13BE29226ECA00091188 /* SellAndBuyTwoViewController.swift in Sources */,
				529CCD6C291D359700C90126 /* MainTabBarController.swift in Sources */,
				5216D93F291E642C003A6C2C /* CellForAccountPage.swift in Sources */,
				5216D95B291E8166003A6C2C /* EditWatchlistViewController.swift in Sources */,
				5203D8E0291E0A7800F78E18 /* TradePageViewController.swift in Sources */,
				5216D938291E5582003A6C2C /* ModelForSearchPage.swift in Sources */,
				5203D8EC291E21F200F78E18 /* CustomCornerRadiusView.swift in Sources */,
				5203D8EF291E240A00F78E18 /* CellForMainViewOfTradingPage.swift in Sources */,
				5216D94F291E744D003A6C2C /* ModelForSettingPage.swift in Sources */,
				529CCD3E291D17B100C90126 /* SceneDelegate.swift in Sources */,
				5216D94C291E6F3A003A6C2C /* SettingPageViewController.swift in Sources */,
				5216D935291E52D1003A6C2C /* CellForSearchPage.swift in Sources */,
				5203D8EA291E11AC00F78E18 /* ModelForTradePage.swift in Sources */,
				5200733C2922579600498EC2 /* SellAndBuyOneViewController.swift in Sources */,
				529CCD62291D20A300C90126 /* CustomTextFieldWithRightView.swift in Sources */,
				529CCD60291D1B5200C90126 /* Constants.swift in Sources */,
			);
			runOnlyForDeploymentPostprocessing = 0;
		};
/* End PBXSourcesBuildPhase section */

/* Begin PBXVariantGroup section */
		529CCD41291D17B100C90126 /* Main.storyboard */ = {
			isa = PBXVariantGroup;
			children = (
				529CCD42291D17B100C90126 /* Base */,
			);
			name = Main.storyboard;
			sourceTree = "<group>";
		};
		529CCD46291D17B300C90126 /* LaunchScreen.storyboard */ = {
			isa = PBXVariantGroup;
			children = (
				529CCD47291D17B300C90126 /* Base */,
			);
			name = LaunchScreen.storyboard;
			sourceTree = "<group>";
		};
/* End PBXVariantGroup section */

/* Begin XCBuildConfiguration section */
		529CCD4A291D17B300C90126 /* Debug */ = {
			isa = XCBuildConfiguration;
			buildSettings = {
				ALWAYS_SEARCH_USER_PATHS = NO;
				CLANG_ANALYZER_NONNULL = YES;
				CLANG_ANALYZER_NUMBER_OBJECT_CONVERSION = YES_AGGRESSIVE;
				CLANG_CXX_LANGUAGE_STANDARD = "gnu++17";
				CLANG_ENABLE_MODULES = YES;
				CLANG_ENABLE_OBJC_ARC = YES;
				CLANG_ENABLE_OBJC_WEAK = YES;
				CLANG_WARN_BLOCK_CAPTURE_AUTORELEASING = YES;
				CLANG_WARN_BOOL_CONVERSION = YES;
				CLANG_WARN_COMMA = YES;
				CLANG_WARN_CONSTANT_CONVERSION = YES;
				CLANG_WARN_DEPRECATED_OBJC_IMPLEMENTATIONS = YES;
				CLANG_WARN_DIRECT_OBJC_ISA_USAGE = YES_ERROR;
				CLANG_WARN_DOCUMENTATION_COMMENTS = YES;
				CLANG_WARN_EMPTY_BODY = YES;
				CLANG_WARN_ENUM_CONVERSION = YES;
				CLANG_WARN_INFINITE_RECURSION = YES;
				CLANG_WARN_INT_CONVERSION = YES;
				CLANG_WARN_NON_LITERAL_NULL_CONVERSION = YES;
				CLANG_WARN_OBJC_IMPLICIT_RETAIN_SELF = YES;
				CLANG_WARN_OBJC_LITERAL_CONVERSION = YES;
				CLANG_WARN_OBJC_ROOT_CLASS = YES_ERROR;
				CLANG_WARN_QUOTED_INCLUDE_IN_FRAMEWORK_HEADER = YES;
				CLANG_WARN_RANGE_LOOP_ANALYSIS = YES;
				CLANG_WARN_STRICT_PROTOTYPES = YES;
				CLANG_WARN_SUSPICIOUS_MOVE = YES;
				CLANG_WARN_UNGUARDED_AVAILABILITY = YES_AGGRESSIVE;
				CLANG_WARN_UNREACHABLE_CODE = YES;
				CLANG_WARN__DUPLICATE_METHOD_MATCH = YES;
				COPY_PHASE_STRIP = NO;
				DEBUG_INFORMATION_FORMAT = dwarf;
				ENABLE_STRICT_OBJC_MSGSEND = YES;
				ENABLE_TESTABILITY = YES;
				GCC_C_LANGUAGE_STANDARD = gnu11;
				GCC_DYNAMIC_NO_PIC = NO;
				GCC_NO_COMMON_BLOCKS = YES;
				GCC_OPTIMIZATION_LEVEL = 0;
				GCC_PREPROCESSOR_DEFINITIONS = (
					"DEBUG=1",
					"$(inherited)",
				);
				GCC_WARN_64_TO_32_BIT_CONVERSION = YES;
				GCC_WARN_ABOUT_RETURN_TYPE = YES_ERROR;
				GCC_WARN_UNDECLARED_SELECTOR = YES;
				GCC_WARN_UNINITIALIZED_AUTOS = YES_AGGRESSIVE;
				GCC_WARN_UNUSED_FUNCTION = YES;
				GCC_WARN_UNUSED_VARIABLE = YES;
				IPHONEOS_DEPLOYMENT_TARGET = 15.5;
				MTL_ENABLE_DEBUG_INFO = INCLUDE_SOURCE;
				MTL_FAST_MATH = YES;
				ONLY_ACTIVE_ARCH = YES;
				SDKROOT = iphoneos;
				SWIFT_ACTIVE_COMPILATION_CONDITIONS = DEBUG;
				SWIFT_OPTIMIZATION_LEVEL = "-Onone";
			};
			name = Debug;
		};
		529CCD4B291D17B300C90126 /* Release */ = {
			isa = XCBuildConfiguration;
			buildSettings = {
				ALWAYS_SEARCH_USER_PATHS = NO;
				CLANG_ANALYZER_NONNULL = YES;
				CLANG_ANALYZER_NUMBER_OBJECT_CONVERSION = YES_AGGRESSIVE;
				CLANG_CXX_LANGUAGE_STANDARD = "gnu++17";
				CLANG_ENABLE_MODULES = YES;
				CLANG_ENABLE_OBJC_ARC = YES;
				CLANG_ENABLE_OBJC_WEAK = YES;
				CLANG_WARN_BLOCK_CAPTURE_AUTORELEASING = YES;
				CLANG_WARN_BOOL_CONVERSION = YES;
				CLANG_WARN_COMMA = YES;
				CLANG_WARN_CONSTANT_CONVERSION = YES;
				CLANG_WARN_DEPRECATED_OBJC_IMPLEMENTATIONS = YES;
				CLANG_WARN_DIRECT_OBJC_ISA_USAGE = YES_ERROR;
				CLANG_WARN_DOCUMENTATION_COMMENTS = YES;
				CLANG_WARN_EMPTY_BODY = YES;
				CLANG_WARN_ENUM_CONVERSION = YES;
				CLANG_WARN_INFINITE_RECURSION = YES;
				CLANG_WARN_INT_CONVERSION = YES;
				CLANG_WARN_NON_LITERAL_NULL_CONVERSION = YES;
				CLANG_WARN_OBJC_IMPLICIT_RETAIN_SELF = YES;
				CLANG_WARN_OBJC_LITERAL_CONVERSION = YES;
				CLANG_WARN_OBJC_ROOT_CLASS = YES_ERROR;
				CLANG_WARN_QUOTED_INCLUDE_IN_FRAMEWORK_HEADER = YES;
				CLANG_WARN_RANGE_LOOP_ANALYSIS = YES;
				CLANG_WARN_STRICT_PROTOTYPES = YES;
				CLANG_WARN_SUSPICIOUS_MOVE = YES;
				CLANG_WARN_UNGUARDED_AVAILABILITY = YES_AGGRESSIVE;
				CLANG_WARN_UNREACHABLE_CODE = YES;
				CLANG_WARN__DUPLICATE_METHOD_MATCH = YES;
				COPY_PHASE_STRIP = NO;
				DEBUG_INFORMATION_FORMAT = "dwarf-with-dsym";
				ENABLE_NS_ASSERTIONS = NO;
				ENABLE_STRICT_OBJC_MSGSEND = YES;
				GCC_C_LANGUAGE_STANDARD = gnu11;
				GCC_NO_COMMON_BLOCKS = YES;
				GCC_WARN_64_TO_32_BIT_CONVERSION = YES;
				GCC_WARN_ABOUT_RETURN_TYPE = YES_ERROR;
				GCC_WARN_UNDECLARED_SELECTOR = YES;
				GCC_WARN_UNINITIALIZED_AUTOS = YES_AGGRESSIVE;
				GCC_WARN_UNUSED_FUNCTION = YES;
				GCC_WARN_UNUSED_VARIABLE = YES;
				IPHONEOS_DEPLOYMENT_TARGET = 15.5;
				MTL_ENABLE_DEBUG_INFO = NO;
				MTL_FAST_MATH = YES;
				SDKROOT = iphoneos;
				SWIFT_COMPILATION_MODE = wholemodule;
				SWIFT_OPTIMIZATION_LEVEL = "-O";
				VALIDATE_PRODUCT = YES;
			};
			name = Release;
		};
		529CCD4D291D17B300C90126 /* Debug */ = {
			isa = XCBuildConfiguration;
			baseConfigurationReference = 66616C2881F8064A4AC46812 /* Pods-TradingApp.debug.xcconfig */;
			buildSettings = {
				ASSETCATALOG_COMPILER_APPICON_NAME = AppIcon;
				ASSETCATALOG_COMPILER_GLOBAL_ACCENT_COLOR_NAME = AccentColor;
				CODE_SIGN_STYLE = Automatic;
				CURRENT_PROJECT_VERSION = 1;
				DEVELOPMENT_TEAM = KFSUX4TS86;
				GENERATE_INFOPLIST_FILE = YES;
				INFOPLIST_FILE = TradingApp/Info.plist;
				INFOPLIST_KEY_UIApplicationSupportsIndirectInputEvents = YES;
				INFOPLIST_KEY_UILaunchStoryboardName = LaunchScreen;
				INFOPLIST_KEY_UIMainStoryboardFile = Main;
				INFOPLIST_KEY_UISupportedInterfaceOrientations_iPad = "UIInterfaceOrientationPortrait UIInterfaceOrientationPortraitUpsideDown UIInterfaceOrientationLandscapeLeft UIInterfaceOrientationLandscapeRight";
				INFOPLIST_KEY_UISupportedInterfaceOrientations_iPhone = "UIInterfaceOrientationPortrait UIInterfaceOrientationLandscapeLeft UIInterfaceOrientationLandscapeRight";
				LD_RUNPATH_SEARCH_PATHS = (
					"$(inherited)",
					"@executable_path/Frameworks",
				);
				MARKETING_VERSION = 1.0;
				PRODUCT_BUNDLE_IDENTIFIER = Apptix.TradingApp;
				PRODUCT_NAME = "$(TARGET_NAME)";
				SWIFT_EMIT_LOC_STRINGS = YES;
				SWIFT_VERSION = 5.0;
				TARGETED_DEVICE_FAMILY = "1,2";
			};
			name = Debug;
		};
		529CCD4E291D17B300C90126 /* Release */ = {
			isa = XCBuildConfiguration;
			baseConfigurationReference = E7A112281D0D16108CC7D65E /* Pods-TradingApp.release.xcconfig */;
			buildSettings = {
				ASSETCATALOG_COMPILER_APPICON_NAME = AppIcon;
				ASSETCATALOG_COMPILER_GLOBAL_ACCENT_COLOR_NAME = AccentColor;
				CODE_SIGN_STYLE = Automatic;
				CURRENT_PROJECT_VERSION = 1;
				DEVELOPMENT_TEAM = KFSUX4TS86;
				GENERATE_INFOPLIST_FILE = YES;
				INFOPLIST_FILE = TradingApp/Info.plist;
				INFOPLIST_KEY_UIApplicationSupportsIndirectInputEvents = YES;
				INFOPLIST_KEY_UILaunchStoryboardName = LaunchScreen;
				INFOPLIST_KEY_UIMainStoryboardFile = Main;
				INFOPLIST_KEY_UISupportedInterfaceOrientations_iPad = "UIInterfaceOrientationPortrait UIInterfaceOrientationPortraitUpsideDown UIInterfaceOrientationLandscapeLeft UIInterfaceOrientationLandscapeRight";
				INFOPLIST_KEY_UISupportedInterfaceOrientations_iPhone = "UIInterfaceOrientationPortrait UIInterfaceOrientationLandscapeLeft UIInterfaceOrientationLandscapeRight";
				LD_RUNPATH_SEARCH_PATHS = (
					"$(inherited)",
					"@executable_path/Frameworks",
				);
				MARKETING_VERSION = 1.0;
				PRODUCT_BUNDLE_IDENTIFIER = Apptix.TradingApp;
				PRODUCT_NAME = "$(TARGET_NAME)";
				SWIFT_EMIT_LOC_STRINGS = YES;
				SWIFT_VERSION = 5.0;
				TARGETED_DEVICE_FAMILY = "1,2";
			};
			name = Release;
		};
/* End XCBuildConfiguration section */

/* Begin XCConfigurationList section */
		529CCD33291D17B100C90126 /* Build configuration list for PBXProject "TradingApp" */ = {
			isa = XCConfigurationList;
			buildConfigurations = (
				529CCD4A291D17B300C90126 /* Debug */,
				529CCD4B291D17B300C90126 /* Release */,
			);
			defaultConfigurationIsVisible = 0;
			defaultConfigurationName = Release;
		};
		529CCD4C291D17B300C90126 /* Build configuration list for PBXNativeTarget "TradingApp" */ = {
			isa = XCConfigurationList;
			buildConfigurations = (
				529CCD4D291D17B300C90126 /* Debug */,
				529CCD4E291D17B300C90126 /* Release */,
			);
			defaultConfigurationIsVisible = 0;
			defaultConfigurationName = Release;
		};
/* End XCConfigurationList section */
	};
	rootObject = 529CCD30291D17B100C90126 /* Project object */;
}
